// !$*UTF8*$!
{
	archiveVersion = 1;
	classes = {
	};
	objectVersion = 51;
	objects = {

/* Begin PBXBuildFile section */
		011D176A25308DAB0039DDDF /* CAGradientLayer+.swift in Sources */ = {isa = PBXBuildFile; fileRef = 011D176925308DAB0039DDDF /* CAGradientLayer+.swift */; };
		011D176D2530944C0039DDDF /* MainViewController.swift in Sources */ = {isa = PBXBuildFile; fileRef = 011D176C2530944C0039DDDF /* MainViewController.swift */; };
		011E6A9D253ABBEF00085490 /* AddTransactionViewController.swift in Sources */ = {isa = PBXBuildFile; fileRef = 011E6A9C253ABBEF00085490 /* AddTransactionViewController.swift */; };
		011E6A9F253ACB6B00085490 /* UITextField+.swift in Sources */ = {isa = PBXBuildFile; fileRef = 011E6A9E253ACB6B00085490 /* UITextField+.swift */; };
		011E6AA3253DCB9900085490 /* String+.swift in Sources */ = {isa = PBXBuildFile; fileRef = 011E6AA2253DCB9900085490 /* String+.swift */; };
		011E6AA5253F3B0A00085490 /* CategoryTableViewCell.swift in Sources */ = {isa = PBXBuildFile; fileRef = 011E6AA4253F3B0A00085490 /* CategoryTableViewCell.swift */; };
		011E6AA7253F404300085490 /* Montserrat-Regular.ttf in Resources */ = {isa = PBXBuildFile; fileRef = 011E6AA6253F404300085490 /* Montserrat-Regular.ttf */; };
		0140C0E92532375400737474 /* Montserrat-Bold.ttf in Resources */ = {isa = PBXBuildFile; fileRef = 0140C0E82532371B00737474 /* Montserrat-Bold.ttf */; };
		0140C0EC253241DA00737474 /* BalanceView.swift in Sources */ = {isa = PBXBuildFile; fileRef = 0140C0EB253241DA00737474 /* BalanceView.swift */; };
		0140C0EF253246A100737474 /* BalanceLabel.swift in Sources */ = {isa = PBXBuildFile; fileRef = 0140C0EE253246A100737474 /* BalanceLabel.swift */; };
		0140C0F125324DC600737474 /* CategoryView.swift in Sources */ = {isa = PBXBuildFile; fileRef = 0140C0F025324DC600737474 /* CategoryView.swift */; };
		014DAA2225284F0400983A97 /* UIColor+.swift in Sources */ = {isa = PBXBuildFile; fileRef = 014DAA2125284F0400983A97 /* UIColor+.swift */; };
		014DAA2425284F7A00983A97 /* CGFloat+.swift in Sources */ = {isa = PBXBuildFile; fileRef = 014DAA2325284F7A00983A97 /* CGFloat+.swift */; };
		0178C76D25306F0C000F4E21 /* GradientView.swift in Sources */ = {isa = PBXBuildFile; fileRef = 0178C76C25306F0C000F4E21 /* GradientView.swift */; };
		017AF6D024B8C95F00612CD6 /* AppDelegate.swift in Sources */ = {isa = PBXBuildFile; fileRef = 017AF6CF24B8C95F00612CD6 /* AppDelegate.swift */; };
		017AF6D224B8C95F00612CD6 /* SceneDelegate.swift in Sources */ = {isa = PBXBuildFile; fileRef = 017AF6D124B8C95F00612CD6 /* SceneDelegate.swift */; };
		017AF6D724B8C95F00612CD6 /* Main.storyboard in Resources */ = {isa = PBXBuildFile; fileRef = 017AF6D524B8C95F00612CD6 /* Main.storyboard */; };
		017AF6D924B8C95F00612CD6 /* Assets.xcassets in Resources */ = {isa = PBXBuildFile; fileRef = 017AF6D824B8C95F00612CD6 /* Assets.xcassets */; };
		017AF6DC24B8C95F00612CD6 /* LaunchScreen.storyboard in Resources */ = {isa = PBXBuildFile; fileRef = 017AF6DA24B8C95F00612CD6 /* LaunchScreen.storyboard */; };
		019468452533726C00989BAB /* Category.swift in Sources */ = {isa = PBXBuildFile; fileRef = 019468442533726C00989BAB /* Category.swift */; };
		01AEFDCF25209DAC00EC4B71 /* AddMainButton.swift in Sources */ = {isa = PBXBuildFile; fileRef = 01AEFDCE25209DAC00EC4B71 /* AddMainButton.swift */; };
		01B29E4825334FE500434562 /* UIView+.swift in Sources */ = {isa = PBXBuildFile; fileRef = 01B29E4725334FE500434562 /* UIView+.swift */; };
		01B2B29F253384F900FFB0A1 /* Transaction.swift in Sources */ = {isa = PBXBuildFile; fileRef = 01B2B29E253384F900FFB0A1 /* Transaction.swift */; };
		01B2B2A12533929700FFB0A1 /* Balance.swift in Sources */ = {isa = PBXBuildFile; fileRef = 01B2B2A02533929700FFB0A1 /* Balance.swift */; };
		01B68AB32538A58C008468CB /* TransactionType.swift in Sources */ = {isa = PBXBuildFile; fileRef = 01B68AB22538A58C008468CB /* TransactionType.swift */; };
		01B68AB52538B206008468CB /* CategoryStorage.swift in Sources */ = {isa = PBXBuildFile; fileRef = 01B68AB42538B206008468CB /* CategoryStorage.swift */; };
		01B68ABA2538B435008468CB /* AddSecondButton.swift in Sources */ = {isa = PBXBuildFile; fileRef = 01B68AB92538B434008468CB /* AddSecondButton.swift */; };
		01B68ABC2538B7D6008468CB /* AddCategoryViewController.swift in Sources */ = {isa = PBXBuildFile; fileRef = 01B68ABB2538B7D6008468CB /* AddCategoryViewController.swift */; };
		01B68ABF2538C4C4008468CB /* MainTextField.swift in Sources */ = {isa = PBXBuildFile; fileRef = 01B68ABE2538C4C4008468CB /* MainTextField.swift */; };
		01D20D5C2531A5DB001D2F16 /* Color.swift in Sources */ = {isa = PBXBuildFile; fileRef = 01D20D5B2531A5DB001D2F16 /* Color.swift */; };
		12DFC747AF0B9EBA79D0CA85 /* Pods_ColorWallet.framework in Frameworks */ = {isa = PBXBuildFile; fileRef = 5D1A770D1086A4059C6DF5C7 /* Pods_ColorWallet.framework */; };
/* End PBXBuildFile section */

/* Begin PBXFileReference section */
		011D176925308DAB0039DDDF /* CAGradientLayer+.swift */ = {isa = PBXFileReference; lastKnownFileType = sourcecode.swift; path = "CAGradientLayer+.swift"; sourceTree = "<group>"; };
		011D176C2530944C0039DDDF /* MainViewController.swift */ = {isa = PBXFileReference; lastKnownFileType = sourcecode.swift; path = MainViewController.swift; sourceTree = "<group>"; };
		011E6A9C253ABBEF00085490 /* AddTransactionViewController.swift */ = {isa = PBXFileReference; lastKnownFileType = sourcecode.swift; path = AddTransactionViewController.swift; sourceTree = "<group>"; };
		011E6A9E253ACB6B00085490 /* UITextField+.swift */ = {isa = PBXFileReference; lastKnownFileType = sourcecode.swift; path = "UITextField+.swift"; sourceTree = "<group>"; };
		011E6AA2253DCB9900085490 /* String+.swift */ = {isa = PBXFileReference; lastKnownFileType = sourcecode.swift; name = "String+.swift"; path = "ColorWallet/Data/String+.swift"; sourceTree = SOURCE_ROOT; };
		011E6AA4253F3B0A00085490 /* CategoryTableViewCell.swift */ = {isa = PBXFileReference; lastKnownFileType = sourcecode.swift; path = CategoryTableViewCell.swift; sourceTree = "<group>"; };
		011E6AA6253F404300085490 /* Montserrat-Regular.ttf */ = {isa = PBXFileReference; lastKnownFileType = file; path = "Montserrat-Regular.ttf"; sourceTree = "<group>"; };
		0140C0E82532371B00737474 /* Montserrat-Bold.ttf */ = {isa = PBXFileReference; lastKnownFileType = file; path = "Montserrat-Bold.ttf"; sourceTree = "<group>"; };
		0140C0EB253241DA00737474 /* BalanceView.swift */ = {isa = PBXFileReference; lastKnownFileType = sourcecode.swift; name = BalanceView.swift; path = ColorWallet/UI/View/BalanceView.swift; sourceTree = SOURCE_ROOT; };
		0140C0EE253246A100737474 /* BalanceLabel.swift */ = {isa = PBXFileReference; lastKnownFileType = sourcecode.swift; path = BalanceLabel.swift; sourceTree = "<group>"; };
		0140C0F025324DC600737474 /* CategoryView.swift */ = {isa = PBXFileReference; lastKnownFileType = sourcecode.swift; path = CategoryView.swift; sourceTree = "<group>"; };
		014DAA2125284F0400983A97 /* UIColor+.swift */ = {isa = PBXFileReference; lastKnownFileType = sourcecode.swift; path = "UIColor+.swift"; sourceTree = "<group>"; };
		014DAA2325284F7A00983A97 /* CGFloat+.swift */ = {isa = PBXFileReference; lastKnownFileType = sourcecode.swift; path = "CGFloat+.swift"; sourceTree = "<group>"; };
		0178C76C25306F0C000F4E21 /* GradientView.swift */ = {isa = PBXFileReference; lastKnownFileType = sourcecode.swift; path = GradientView.swift; sourceTree = "<group>"; };
		017AF6CC24B8C95F00612CD6 /* ColorWallet.app */ = {isa = PBXFileReference; explicitFileType = wrapper.application; includeInIndex = 0; path = ColorWallet.app; sourceTree = BUILT_PRODUCTS_DIR; };
		017AF6CF24B8C95F00612CD6 /* AppDelegate.swift */ = {isa = PBXFileReference; lastKnownFileType = sourcecode.swift; path = AppDelegate.swift; sourceTree = "<group>"; };
		017AF6D124B8C95F00612CD6 /* SceneDelegate.swift */ = {isa = PBXFileReference; lastKnownFileType = sourcecode.swift; path = SceneDelegate.swift; sourceTree = "<group>"; };
		017AF6D624B8C95F00612CD6 /* Base */ = {isa = PBXFileReference; lastKnownFileType = file.storyboard; name = Base; path = Base.lproj/Main.storyboard; sourceTree = "<group>"; };
		017AF6D824B8C95F00612CD6 /* Assets.xcassets */ = {isa = PBXFileReference; lastKnownFileType = folder.assetcatalog; path = Assets.xcassets; sourceTree = "<group>"; };
		017AF6DB24B8C95F00612CD6 /* Base */ = {isa = PBXFileReference; lastKnownFileType = file.storyboard; name = Base; path = Base.lproj/LaunchScreen.storyboard; sourceTree = "<group>"; };
		017AF6DD24B8C95F00612CD6 /* Info.plist */ = {isa = PBXFileReference; lastKnownFileType = text.plist.xml; path = Info.plist; sourceTree = "<group>"; };
		019468442533726C00989BAB /* Category.swift */ = {isa = PBXFileReference; lastKnownFileType = sourcecode.swift; path = Category.swift; sourceTree = "<group>"; };
		01AEFDCE25209DAC00EC4B71 /* AddMainButton.swift */ = {isa = PBXFileReference; lastKnownFileType = sourcecode.swift; path = AddMainButton.swift; sourceTree = "<group>"; };
		01B29E4725334FE500434562 /* UIView+.swift */ = {isa = PBXFileReference; lastKnownFileType = sourcecode.swift; path = "UIView+.swift"; sourceTree = "<group>"; };
		01B2B29E253384F900FFB0A1 /* Transaction.swift */ = {isa = PBXFileReference; lastKnownFileType = sourcecode.swift; path = Transaction.swift; sourceTree = "<group>"; };
		01B2B2A02533929700FFB0A1 /* Balance.swift */ = {isa = PBXFileReference; lastKnownFileType = sourcecode.swift; path = Balance.swift; sourceTree = "<group>"; };
		01B2B2A2253399F400FFB0A1 /* Task.md */ = {isa = PBXFileReference; lastKnownFileType = net.daringfireball.markdown; path = Task.md; sourceTree = "<group>"; };
		01B68AB22538A58C008468CB /* TransactionType.swift */ = {isa = PBXFileReference; lastKnownFileType = sourcecode.swift; path = TransactionType.swift; sourceTree = "<group>"; };
		01B68AB42538B206008468CB /* CategoryStorage.swift */ = {isa = PBXFileReference; lastKnownFileType = sourcecode.swift; path = CategoryStorage.swift; sourceTree = "<group>"; };
		01B68AB92538B434008468CB /* AddSecondButton.swift */ = {isa = PBXFileReference; lastKnownFileType = sourcecode.swift; path = AddSecondButton.swift; sourceTree = "<group>"; };
		01B68ABB2538B7D6008468CB /* AddCategoryViewController.swift */ = {isa = PBXFileReference; lastKnownFileType = sourcecode.swift; path = AddCategoryViewController.swift; sourceTree = "<group>"; };
		01B68ABE2538C4C4008468CB /* MainTextField.swift */ = {isa = PBXFileReference; lastKnownFileType = sourcecode.swift; path = MainTextField.swift; sourceTree = "<group>"; };
		01D20D5B2531A5DB001D2F16 /* Color.swift */ = {isa = PBXFileReference; lastKnownFileType = sourcecode.swift; path = Color.swift; sourceTree = "<group>"; };
		1DB32129365856AC1C3BCC67 /* Pods-ColorWallet.debug.xcconfig */ = {isa = PBXFileReference; includeInIndex = 1; lastKnownFileType = text.xcconfig; name = "Pods-ColorWallet.debug.xcconfig"; path = "Target Support Files/Pods-ColorWallet/Pods-ColorWallet.debug.xcconfig"; sourceTree = "<group>"; };
		5D1A770D1086A4059C6DF5C7 /* Pods_ColorWallet.framework */ = {isa = PBXFileReference; explicitFileType = wrapper.framework; includeInIndex = 0; path = Pods_ColorWallet.framework; sourceTree = BUILT_PRODUCTS_DIR; };
		CC3242EAA52C54D75518CF13 /* Pods-ColorWallet.release.xcconfig */ = {isa = PBXFileReference; includeInIndex = 1; lastKnownFileType = text.xcconfig; name = "Pods-ColorWallet.release.xcconfig"; path = "Target Support Files/Pods-ColorWallet/Pods-ColorWallet.release.xcconfig"; sourceTree = "<group>"; };
/* End PBXFileReference section */

/* Begin PBXFrameworksBuildPhase section */
		017AF6C924B8C95F00612CD6 /* Frameworks */ = {
			isa = PBXFrameworksBuildPhase;
			buildActionMask = 2147483647;
			files = (
				12DFC747AF0B9EBA79D0CA85 /* Pods_ColorWallet.framework in Frameworks */,
			);
			runOnlyForDeploymentPostprocessing = 0;
		};
/* End PBXFrameworksBuildPhase section */

/* Begin PBXGroup section */
		01175CC52531AFEF003736B3 /* Fonts */ = {
			isa = PBXGroup;
			children = (
				0140C0E82532371B00737474 /* Montserrat-Bold.ttf */,
				011E6AA6253F404300085490 /* Montserrat-Regular.ttf */,
			);
			path = Fonts;
			sourceTree = "<group>";
		};
		011D176B253094220039DDDF /* VC */ = {
			isa = PBXGroup;
			children = (
				011D176C2530944C0039DDDF /* MainViewController.swift */,
				01B68ABB2538B7D6008468CB /* AddCategoryViewController.swift */,
				011E6A9C253ABBEF00085490 /* AddTransactionViewController.swift */,
			);
			path = VC;
			sourceTree = "<group>";
		};
		0140C0EA253241B100737474 /* Custom */ = {
			isa = PBXGroup;
			children = (
				0178C76C25306F0C000F4E21 /* GradientView.swift */,
				011E6AA4253F3B0A00085490 /* CategoryTableViewCell.swift */,
			);
			path = Custom;
			sourceTree = "<group>";
		};
		0140C0ED2532467A00737474 /* Label */ = {
			isa = PBXGroup;
			children = (
				0140C0EE253246A100737474 /* BalanceLabel.swift */,
			);
			path = Label;
			sourceTree = "<group>";
		};
		014DAA2025284EEF00983A97 /* Extension */ = {
			isa = PBXGroup;
			children = (
				011E6AA2253DCB9900085490 /* String+.swift */,
				014DAA2125284F0400983A97 /* UIColor+.swift */,
				014DAA2325284F7A00983A97 /* CGFloat+.swift */,
				011D176925308DAB0039DDDF /* CAGradientLayer+.swift */,
				01B29E4725334FE500434562 /* UIView+.swift */,
				011E6A9E253ACB6B00085490 /* UITextField+.swift */,
			);
			path = Extension;
			sourceTree = "<group>";
		};
		017AF6C324B8C95F00612CD6 = {
			isa = PBXGroup;
			children = (
				01B2B2A2253399F400FFB0A1 /* Task.md */,
				017AF6CE24B8C95F00612CD6 /* ColorWallet */,
				017AF6CD24B8C95F00612CD6 /* Products */,
				9D36293840186A80D7292036 /* Pods */,
				54D4AD91CA71BC4A9B9DCA45 /* Frameworks */,
			);
			sourceTree = "<group>";
		};
		017AF6CD24B8C95F00612CD6 /* Products */ = {
			isa = PBXGroup;
			children = (
				017AF6CC24B8C95F00612CD6 /* ColorWallet.app */,
			);
			name = Products;
			sourceTree = "<group>";
		};
		017AF6CE24B8C95F00612CD6 /* ColorWallet */ = {
			isa = PBXGroup;
			children = (
				019468432533720000989BAB /* Data */,
				014DAA2025284EEF00983A97 /* Extension */,
				011D176B253094220039DDDF /* VC */,
				01AEFDCD25209CDC00EC4B71 /* UI */,
				017AF6CF24B8C95F00612CD6 /* AppDelegate.swift */,
				017AF6D124B8C95F00612CD6 /* SceneDelegate.swift */,
				017AF6D824B8C95F00612CD6 /* Assets.xcassets */,
				017AF6D524B8C95F00612CD6 /* Main.storyboard */,
				017AF6DA24B8C95F00612CD6 /* LaunchScreen.storyboard */,
				017AF6DD24B8C95F00612CD6 /* Info.plist */,
			);
			path = ColorWallet;
			sourceTree = "<group>";
		};
		019468432533720000989BAB /* Data */ = {
			isa = PBXGroup;
			children = (
				01B68AB22538A58C008468CB /* TransactionType.swift */,
				019468442533726C00989BAB /* Category.swift */,
				01B68AB42538B206008468CB /* CategoryStorage.swift */,
				01B2B29E253384F900FFB0A1 /* Transaction.swift */,
				01B2B2A02533929700FFB0A1 /* Balance.swift */,
			);
			path = Data;
			sourceTree = "<group>";
		};
		01AEFDCD25209CDC00EC4B71 /* UI */ = {
			isa = PBXGroup;
			children = (
				01B68ABD2538C49E008468CB /* TextField */,
				0140C0ED2532467A00737474 /* Label */,
				01D20D582531A576001D2F16 /* Style */,
				01AEFDD12520AB6A00EC4B71 /* View */,
				01AEFDD02520AB6000EC4B71 /* Button */,
			);
			path = UI;
			sourceTree = "<group>";
		};
		01AEFDD02520AB6000EC4B71 /* Button */ = {
			isa = PBXGroup;
			children = (
				01B68AB92538B434008468CB /* AddSecondButton.swift */,
				01AEFDCE25209DAC00EC4B71 /* AddMainButton.swift */,
			);
			path = Button;
			sourceTree = "<group>";
		};
		01AEFDD12520AB6A00EC4B71 /* View */ = {
			isa = PBXGroup;
			children = (
				0140C0EA253241B100737474 /* Custom */,
				0140C0EB253241DA00737474 /* BalanceView.swift */,
				0140C0F025324DC600737474 /* CategoryView.swift */,
			);
			path = View;
			sourceTree = "<group>";
		};
		01B68ABD2538C49E008468CB /* TextField */ = {
			isa = PBXGroup;
			children = (
				01B68ABE2538C4C4008468CB /* MainTextField.swift */,
			);
			path = TextField;
			sourceTree = "<group>";
		};
		01D20D582531A576001D2F16 /* Style */ = {
			isa = PBXGroup;
			children = (
				01175CC52531AFEF003736B3 /* Fonts */,
				01D20D5B2531A5DB001D2F16 /* Color.swift */,
			);
			path = Style;
			sourceTree = "<group>";
		};
		54D4AD91CA71BC4A9B9DCA45 /* Frameworks */ = {
			isa = PBXGroup;
			children = (
				5D1A770D1086A4059C6DF5C7 /* Pods_ColorWallet.framework */,
			);
			name = Frameworks;
			sourceTree = "<group>";
		};
		9D36293840186A80D7292036 /* Pods */ = {
			isa = PBXGroup;
			children = (
				1DB32129365856AC1C3BCC67 /* Pods-ColorWallet.debug.xcconfig */,
				CC3242EAA52C54D75518CF13 /* Pods-ColorWallet.release.xcconfig */,
			);
			path = Pods;
			sourceTree = "<group>";
		};
/* End PBXGroup section */

/* Begin PBXNativeTarget section */
		017AF6CB24B8C95F00612CD6 /* ColorWallet */ = {
			isa = PBXNativeTarget;
			buildConfigurationList = 017AF6E024B8C95F00612CD6 /* Build configuration list for PBXNativeTarget "ColorWallet" */;
			buildPhases = (
				F920FB09286104A351A27F49 /* [CP] Check Pods Manifest.lock */,
				017AF6C824B8C95F00612CD6 /* Sources */,
				017AF6C924B8C95F00612CD6 /* Frameworks */,
				017AF6CA24B8C95F00612CD6 /* Resources */,
				ADECC198115C815070F45801 /* [CP] Embed Pods Frameworks */,
			);
			buildRules = (
			);
			dependencies = (
			);
			name = ColorWallet;
			productName = SkillTest;
			productReference = 017AF6CC24B8C95F00612CD6 /* ColorWallet.app */;
			productType = "com.apple.product-type.application";
		};
/* End PBXNativeTarget section */

/* Begin PBXProject section */
		017AF6C424B8C95F00612CD6 /* Project object */ = {
			isa = PBXProject;
			attributes = {
				LastSwiftUpdateCheck = 1130;
				LastUpgradeCheck = 1130;
				ORGANIZATIONNAME = "Gleb Stolyarchuk";
				TargetAttributes = {
					017AF6CB24B8C95F00612CD6 = {
						CreatedOnToolsVersion = 11.3.1;
					};
				};
			};
			buildConfigurationList = 017AF6C724B8C95F00612CD6 /* Build configuration list for PBXProject "ColorWallet" */;
			compatibilityVersion = "Xcode 9.3";
			developmentRegion = en;
			hasScannedForEncodings = 0;
			knownRegions = (
				en,
				Base,
			);
			mainGroup = 017AF6C324B8C95F00612CD6;
			productRefGroup = 017AF6CD24B8C95F00612CD6 /* Products */;
			projectDirPath = "";
			projectRoot = "";
			targets = (
				017AF6CB24B8C95F00612CD6 /* ColorWallet */,
			);
		};
/* End PBXProject section */

/* Begin PBXResourcesBuildPhase section */
		017AF6CA24B8C95F00612CD6 /* Resources */ = {
			isa = PBXResourcesBuildPhase;
			buildActionMask = 2147483647;
			files = (
				0140C0E92532375400737474 /* Montserrat-Bold.ttf in Resources */,
				017AF6DC24B8C95F00612CD6 /* LaunchScreen.storyboard in Resources */,
				017AF6D924B8C95F00612CD6 /* Assets.xcassets in Resources */,
				011E6AA7253F404300085490 /* Montserrat-Regular.ttf in Resources */,
				017AF6D724B8C95F00612CD6 /* Main.storyboard in Resources */,
			);
			runOnlyForDeploymentPostprocessing = 0;
		};
/* End PBXResourcesBuildPhase section */

/* Begin PBXShellScriptBuildPhase section */
		ADECC198115C815070F45801 /* [CP] Embed Pods Frameworks */ = {
			isa = PBXShellScriptBuildPhase;
			buildActionMask = 2147483647;
			files = (
			);
			inputFileListPaths = (
				"${PODS_ROOT}/Target Support Files/Pods-ColorWallet/Pods-ColorWallet-frameworks-${CONFIGURATION}-input-files.xcfilelist",
			);
			name = "[CP] Embed Pods Frameworks";
			outputFileListPaths = (
				"${PODS_ROOT}/Target Support Files/Pods-ColorWallet/Pods-ColorWallet-frameworks-${CONFIGURATION}-output-files.xcfilelist",
			);
			runOnlyForDeploymentPostprocessing = 0;
			shellPath = /bin/sh;
			shellScript = "\"${PODS_ROOT}/Target Support Files/Pods-ColorWallet/Pods-ColorWallet-frameworks.sh\"\n";
			showEnvVarsInLog = 0;
		};
		F920FB09286104A351A27F49 /* [CP] Check Pods Manifest.lock */ = {
			isa = PBXShellScriptBuildPhase;
			buildActionMask = 2147483647;
			files = (
			);
			inputFileListPaths = (
			);
			inputPaths = (
				"${PODS_PODFILE_DIR_PATH}/Podfile.lock",
				"${PODS_ROOT}/Manifest.lock",
			);
			name = "[CP] Check Pods Manifest.lock";
			outputFileListPaths = (
			);
			outputPaths = (
				"$(DERIVED_FILE_DIR)/Pods-ColorWallet-checkManifestLockResult.txt",
			);
			runOnlyForDeploymentPostprocessing = 0;
			shellPath = /bin/sh;
			shellScript = "diff \"${PODS_PODFILE_DIR_PATH}/Podfile.lock\" \"${PODS_ROOT}/Manifest.lock\" > /dev/null\nif [ $? != 0 ] ; then\n    # print error to STDERR\n    echo \"error: The sandbox is not in sync with the Podfile.lock. Run 'pod install' or update your CocoaPods installation.\" >&2\n    exit 1\nfi\n# This output is used by Xcode 'outputs' to avoid re-running this script phase.\necho \"SUCCESS\" > \"${SCRIPT_OUTPUT_FILE_0}\"\n";
			showEnvVarsInLog = 0;
		};
/* End PBXShellScriptBuildPhase section */

/* Begin PBXSourcesBuildPhase section */
		017AF6C824B8C95F00612CD6 /* Sources */ = {
			isa = PBXSourcesBuildPhase;
			buildActionMask = 2147483647;
			files = (
				011E6A9D253ABBEF00085490 /* AddTransactionViewController.swift in Sources */,
				01D20D5C2531A5DB001D2F16 /* Color.swift in Sources */,
				019468452533726C00989BAB /* Category.swift in Sources */,
				011D176D2530944C0039DDDF /* MainViewController.swift in Sources */,
				01B29E4825334FE500434562 /* UIView+.swift in Sources */,
				011E6AA5253F3B0A00085490 /* CategoryTableViewCell.swift in Sources */,
				01B2B2A12533929700FFB0A1 /* Balance.swift in Sources */,
				011E6A9F253ACB6B00085490 /* UITextField+.swift in Sources */,
				0140C0EF253246A100737474 /* BalanceLabel.swift in Sources */,
				01B68ABA2538B435008468CB /* AddSecondButton.swift in Sources */,
				014DAA2225284F0400983A97 /* UIColor+.swift in Sources */,
				011E6AA3253DCB9900085490 /* String+.swift in Sources */,
				01B68AB52538B206008468CB /* CategoryStorage.swift in Sources */,
				01B68ABC2538B7D6008468CB /* AddCategoryViewController.swift in Sources */,
				014DAA2425284F7A00983A97 /* CGFloat+.swift in Sources */,
				01B2B29F253384F900FFB0A1 /* Transaction.swift in Sources */,
				017AF6D024B8C95F00612CD6 /* AppDelegate.swift in Sources */,
				0140C0F125324DC600737474 /* CategoryView.swift in Sources */,
				01B68AB32538A58C008468CB /* TransactionType.swift in Sources */,
				017AF6D224B8C95F00612CD6 /* SceneDelegate.swift in Sources */,
				011D176A25308DAB0039DDDF /* CAGradientLayer+.swift in Sources */,
				01B68ABF2538C4C4008468CB /* MainTextField.swift in Sources */,
				01AEFDCF25209DAC00EC4B71 /* AddMainButton.swift in Sources */,
				0178C76D25306F0C000F4E21 /* GradientView.swift in Sources */,
				0140C0EC253241DA00737474 /* BalanceView.swift in Sources */,
			);
			runOnlyForDeploymentPostprocessing = 0;
		};
/* End PBXSourcesBuildPhase section */

/* Begin PBXVariantGroup section */
		017AF6D524B8C95F00612CD6 /* Main.storyboard */ = {
			isa = PBXVariantGroup;
			children = (
				017AF6D624B8C95F00612CD6 /* Base */,
			);
			name = Main.storyboard;
			sourceTree = "<group>";
		};
		017AF6DA24B8C95F00612CD6 /* LaunchScreen.storyboard */ = {
			isa = PBXVariantGroup;
			children = (
				017AF6DB24B8C95F00612CD6 /* Base */,
			);
			name = LaunchScreen.storyboard;
			sourceTree = "<group>";
		};
/* End PBXVariantGroup section */

/* Begin XCBuildConfiguration section */
		017AF6DE24B8C95F00612CD6 /* Debug */ = {
			isa = XCBuildConfiguration;
			buildSettings = {
				ALWAYS_SEARCH_USER_PATHS = NO;
				CLANG_ANALYZER_NONNULL = YES;
				CLANG_ANALYZER_NUMBER_OBJECT_CONVERSION = YES_AGGRESSIVE;
				CLANG_CXX_LANGUAGE_STANDARD = "gnu++14";
				CLANG_CXX_LIBRARY = "libc++";
				CLANG_ENABLE_MODULES = YES;
				CLANG_ENABLE_OBJC_ARC = YES;
				CLANG_ENABLE_OBJC_WEAK = YES;
				CLANG_WARN_BLOCK_CAPTURE_AUTORELEASING = YES;
				CLANG_WARN_BOOL_CONVERSION = YES;
				CLANG_WARN_COMMA = YES;
				CLANG_WARN_CONSTANT_CONVERSION = YES;
				CLANG_WARN_DEPRECATED_OBJC_IMPLEMENTATIONS = YES;
				CLANG_WARN_DIRECT_OBJC_ISA_USAGE = YES_ERROR;
				CLANG_WARN_DOCUMENTATION_COMMENTS = YES;
				CLANG_WARN_EMPTY_BODY = YES;
				CLANG_WARN_ENUM_CONVERSION = YES;
				CLANG_WARN_INFINITE_RECURSION = YES;
				CLANG_WARN_INT_CONVERSION = YES;
				CLANG_WARN_NON_LITERAL_NULL_CONVERSION = YES;
				CLANG_WARN_OBJC_IMPLICIT_RETAIN_SELF = YES;
				CLANG_WARN_OBJC_LITERAL_CONVERSION = YES;
				CLANG_WARN_OBJC_ROOT_CLASS = YES_ERROR;
				CLANG_WARN_RANGE_LOOP_ANALYSIS = YES;
				CLANG_WARN_STRICT_PROTOTYPES = YES;
				CLANG_WARN_SUSPICIOUS_MOVE = YES;
				CLANG_WARN_UNGUARDED_AVAILABILITY = YES_AGGRESSIVE;
				CLANG_WARN_UNREACHABLE_CODE = YES;
				CLANG_WARN__DUPLICATE_METHOD_MATCH = YES;
				COPY_PHASE_STRIP = NO;
				DEBUG_INFORMATION_FORMAT = dwarf;
				ENABLE_STRICT_OBJC_MSGSEND = YES;
				ENABLE_TESTABILITY = YES;
				GCC_C_LANGUAGE_STANDARD = gnu11;
				GCC_DYNAMIC_NO_PIC = NO;
				GCC_NO_COMMON_BLOCKS = YES;
				GCC_OPTIMIZATION_LEVEL = 0;
				GCC_PREPROCESSOR_DEFINITIONS = (
					"DEBUG=1",
					"$(inherited)",
				);
				GCC_WARN_64_TO_32_BIT_CONVERSION = YES;
				GCC_WARN_ABOUT_RETURN_TYPE = YES_ERROR;
				GCC_WARN_UNDECLARED_SELECTOR = YES;
				GCC_WARN_UNINITIALIZED_AUTOS = YES_AGGRESSIVE;
				GCC_WARN_UNUSED_FUNCTION = YES;
				GCC_WARN_UNUSED_VARIABLE = YES;
				IPHONEOS_DEPLOYMENT_TARGET = 13.2;
				MTL_ENABLE_DEBUG_INFO = INCLUDE_SOURCE;
				MTL_FAST_MATH = YES;
				ONLY_ACTIVE_ARCH = YES;
				SDKROOT = iphoneos;
				SWIFT_ACTIVE_COMPILATION_CONDITIONS = DEBUG;
				SWIFT_OPTIMIZATION_LEVEL = "-Onone";
			};
			name = Debug;
		};
		017AF6DF24B8C95F00612CD6 /* Release */ = {
			isa = XCBuildConfiguration;
			buildSettings = {
				ALWAYS_SEARCH_USER_PATHS = NO;
				CLANG_ANALYZER_NONNULL = YES;
				CLANG_ANALYZER_NUMBER_OBJECT_CONVERSION = YES_AGGRESSIVE;
				CLANG_CXX_LANGUAGE_STANDARD = "gnu++14";
				CLANG_CXX_LIBRARY = "libc++";
				CLANG_ENABLE_MODULES = YES;
				CLANG_ENABLE_OBJC_ARC = YES;
				CLANG_ENABLE_OBJC_WEAK = YES;
				CLANG_WARN_BLOCK_CAPTURE_AUTORELEASING = YES;
				CLANG_WARN_BOOL_CONVERSION = YES;
				CLANG_WARN_COMMA = YES;
				CLANG_WARN_CONSTANT_CONVERSION = YES;
				CLANG_WARN_DEPRECATED_OBJC_IMPLEMENTATIONS = YES;
				CLANG_WARN_DIRECT_OBJC_ISA_USAGE = YES_ERROR;
				CLANG_WARN_DOCUMENTATION_COMMENTS = YES;
				CLANG_WARN_EMPTY_BODY = YES;
				CLANG_WARN_ENUM_CONVERSION = YES;
				CLANG_WARN_INFINITE_RECURSION = YES;
				CLANG_WARN_INT_CONVERSION = YES;
				CLANG_WARN_NON_LITERAL_NULL_CONVERSION = YES;
				CLANG_WARN_OBJC_IMPLICIT_RETAIN_SELF = YES;
				CLANG_WARN_OBJC_LITERAL_CONVERSION = YES;
				CLANG_WARN_OBJC_ROOT_CLASS = YES_ERROR;
				CLANG_WARN_RANGE_LOOP_ANALYSIS = YES;
				CLANG_WARN_STRICT_PROTOTYPES = YES;
				CLANG_WARN_SUSPICIOUS_MOVE = YES;
				CLANG_WARN_UNGUARDED_AVAILABILITY = YES_AGGRESSIVE;
				CLANG_WARN_UNREACHABLE_CODE = YES;
				CLANG_WARN__DUPLICATE_METHOD_MATCH = YES;
				COPY_PHASE_STRIP = NO;
				DEBUG_INFORMATION_FORMAT = "dwarf-with-dsym";
				ENABLE_NS_ASSERTIONS = NO;
				ENABLE_STRICT_OBJC_MSGSEND = YES;
				GCC_C_LANGUAGE_STANDARD = gnu11;
				GCC_NO_COMMON_BLOCKS = YES;
				GCC_WARN_64_TO_32_BIT_CONVERSION = YES;
				GCC_WARN_ABOUT_RETURN_TYPE = YES_ERROR;
				GCC_WARN_UNDECLARED_SELECTOR = YES;
				GCC_WARN_UNINITIALIZED_AUTOS = YES_AGGRESSIVE;
				GCC_WARN_UNUSED_FUNCTION = YES;
				GCC_WARN_UNUSED_VARIABLE = YES;
				IPHONEOS_DEPLOYMENT_TARGET = 13.2;
				MTL_ENABLE_DEBUG_INFO = NO;
				MTL_FAST_MATH = YES;
				SDKROOT = iphoneos;
				SWIFT_COMPILATION_MODE = wholemodule;
				SWIFT_OPTIMIZATION_LEVEL = "-O";
				VALIDATE_PRODUCT = YES;
			};
			name = Release;
		};
		017AF6E124B8C95F00612CD6 /* Debug */ = {
			isa = XCBuildConfiguration;
			baseConfigurationReference = 1DB32129365856AC1C3BCC67 /* Pods-ColorWallet.debug.xcconfig */;
			buildSettings = {
				ASSETCATALOG_COMPILER_APPICON_NAME = AppIcon;
				CODE_SIGN_STYLE = Automatic;
				DEVELOPMENT_TEAM = Y2FBF2ZJ7C;
				INFOPLIST_FILE = ColorWallet/Info.plist;
				IPHONEOS_DEPLOYMENT_TARGET = 13.1;
				LD_RUNPATH_SEARCH_PATHS = (
					"$(inherited)",
					"@executable_path/Frameworks",
				);
				PRODUCT_BUNDLE_IDENTIFIER = tvoyfm.ColorWallet;
				PRODUCT_NAME = ColorWallet;
				SWIFT_VERSION = 5.0;
				TARGETED_DEVICE_FAMILY = "1,2";
			};
			name = Debug;
		};
		017AF6E224B8C95F00612CD6 /* Release */ = {
			isa = XCBuildConfiguration;
			baseConfigurationReference = CC3242EAA52C54D75518CF13 /* Pods-ColorWallet.release.xcconfig */;
			buildSettings = {
				ASSETCATALOG_COMPILER_APPICON_NAME = AppIcon;
				CODE_SIGN_STYLE = Automatic;
				DEVELOPMENT_TEAM = Y2FBF2ZJ7C;
				INFOPLIST_FILE = ColorWallet/Info.plist;
				IPHONEOS_DEPLOYMENT_TARGET = 13.1;
				LD_RUNPATH_SEARCH_PATHS = (
					"$(inherited)",
					"@executable_path/Frameworks",
				);
				PRODUCT_BUNDLE_IDENTIFIER = tvoyfm.ColorWallet;
				PRODUCT_NAME = ColorWallet;
				SWIFT_VERSION = 5.0;
				TARGETED_DEVICE_FAMILY = "1,2";
			};
			name = Release;
		};
/* End XCBuildConfiguration section */

/* Begin XCConfigurationList section */
		017AF6C724B8C95F00612CD6 /* Build configuration list for PBXProject "ColorWallet" */ = {
			isa = XCConfigurationList;
			buildConfigurations = (
				017AF6DE24B8C95F00612CD6 /* Debug */,
				017AF6DF24B8C95F00612CD6 /* Release */,
			);
			defaultConfigurationIsVisible = 0;
			defaultConfigurationName = Release;
		};
		017AF6E024B8C95F00612CD6 /* Build configuration list for PBXNativeTarget "ColorWallet" */ = {
			isa = XCConfigurationList;
			buildConfigurations = (
				017AF6E124B8C95F00612CD6 /* Debug */,
				017AF6E224B8C95F00612CD6 /* Release */,
			);
			defaultConfigurationIsVisible = 0;
			defaultConfigurationName = Release;
		};
/* End XCConfigurationList section */
	};
	rootObject = 017AF6C424B8C95F00612CD6 /* Project object */;
}
